// !$*UTF8*$!
{
	archiveVersion = 1;
	classes = {
	};
	objectVersion = 56;
	objects = {

/* Begin PBXBuildFile section */
		490F33CC29C83FBF00B99CDA /* A_BuddyApp.swift in Sources */ = {isa = PBXBuildFile; fileRef = 490F33CB29C83FBF00B99CDA /* A_BuddyApp.swift */; };
		490F33CE29C83FBF00B99CDA /* ContentView.swift in Sources */ = {isa = PBXBuildFile; fileRef = 490F33CD29C83FBF00B99CDA /* ContentView.swift */; };
		490F33D029C83FC000B99CDA /* Assets.xcassets in Resources */ = {isa = PBXBuildFile; fileRef = 490F33CF29C83FC000B99CDA /* Assets.xcassets */; };
		490F33D329C83FC000B99CDA /* Preview Assets.xcassets in Resources */ = {isa = PBXBuildFile; fileRef = 490F33D229C83FC000B99CDA /* Preview Assets.xcassets */; };
		490F33D529C83FC000B99CDA /* Persistence.swift in Sources */ = {isa = PBXBuildFile; fileRef = 490F33D429C83FC000B99CDA /* Persistence.swift */; };
		490F33D829C83FC000B99CDA /* A_Buddy.xcdatamodeld in Sources */ = {isa = PBXBuildFile; fileRef = 490F33D629C83FC000B99CDA /* A_Buddy.xcdatamodeld */; };
		492D2CFC29C9717100CA9CB7 /* PhotoManager.swift in Sources */ = {isa = PBXBuildFile; fileRef = 492D2CFB29C9717100CA9CB7 /* PhotoManager.swift */; };
		492D2D0029CC0F9800CA9CB7 /* EntityPreView.swift in Sources */ = {isa = PBXBuildFile; fileRef = 492D2CFF29CC0F9800CA9CB7 /* EntityPreView.swift */; };
		492D2D0229CC1A8000CA9CB7 /* PersonalView.swift in Sources */ = {isa = PBXBuildFile; fileRef = 492D2D0129CC1A8000CA9CB7 /* PersonalView.swift */; };
		492D2D0429CC220E00CA9CB7 /* BuddyPreview.swift in Sources */ = {isa = PBXBuildFile; fileRef = 492D2D0329CC220E00CA9CB7 /* BuddyPreview.swift */; };
		494D8F7C29CDAB5C00AF9603 /* SwiftUIView.swift in Sources */ = {isa = PBXBuildFile; fileRef = 494D8F7B29CDAB5C00AF9603 /* SwiftUIView.swift */; };
		494D8F8329CDFE2700AF9603 /* BuddyManager.swift in Sources */ = {isa = PBXBuildFile; fileRef = 494D8F8229CDFE2700AF9603 /* BuddyManager.swift */; };
		494D8F8529CE036400AF9603 /* AppDelegate.swift in Sources */ = {isa = PBXBuildFile; fileRef = 494D8F8429CE036400AF9603 /* AppDelegate.swift */; };
		494D8FAB29CECC6700AF9603 /* UserDefaultManager.swift in Sources */ = {isa = PBXBuildFile; fileRef = 494D8FAA29CECC6700AF9603 /* UserDefaultManager.swift */; };
		494D8FB129CEDE5000AF9603 /* UserDefaultsManager.swift in Sources */ = {isa = PBXBuildFile; fileRef = 494D8FB029CEDE5000AF9603 /* UserDefaultsManager.swift */; };
		494D8FBF29CF4F6100AF9603 /* CodeScanner in Frameworks */ = {isa = PBXBuildFile; productRef = 494D8FBE29CF4F6100AF9603 /* CodeScanner */; };
		494D8FC129CF4FAA00AF9603 /* ScannerView.swift in Sources */ = {isa = PBXBuildFile; fileRef = 494D8FC029CF4FAA00AF9603 /* ScannerView.swift */; };
		494D8FC329CF52FE00AF9603 /* MyQRGenerator.swift in Sources */ = {isa = PBXBuildFile; fileRef = 494D8FC229CF52FE00AF9603 /* MyQRGenerator.swift */; };
		494D8FC529CF550600AF9603 /* EntityDetail.swift in Sources */ = {isa = PBXBuildFile; fileRef = 494D8FC429CF550600AF9603 /* EntityDetail.swift */; };
		494D8FC729D00EEE00AF9603 /* MyQRScanner.swift in Sources */ = {isa = PBXBuildFile; fileRef = 494D8FC629D00EEE00AF9603 /* MyQRScanner.swift */; };
		494D8FCA29D0531600AF9603 /* DataBuddy.csv in Resources */ = {isa = PBXBuildFile; fileRef = 494D8FC929D0531600AF9603 /* DataBuddy.csv */; };
		494D8FCD29D0B78700AF9603 /* ImagePickerModule in Frameworks */ = {isa = PBXBuildFile; productRef = 494D8FCC29D0B78700AF9603 /* ImagePickerModule */; };
		494D8FCF29D0B7C000AF9603 /* ImagePickerView.swift in Sources */ = {isa = PBXBuildFile; fileRef = 494D8FCE29D0B7C000AF9603 /* ImagePickerView.swift */; };
		494D8FD129D119AF00AF9603 /* SearchBar.swift in Sources */ = {isa = PBXBuildFile; fileRef = 494D8FD029D119AF00AF9603 /* SearchBar.swift */; };
		494D8FD329D14FE800AF9603 /* ContactPicker.swift in Sources */ = {isa = PBXBuildFile; fileRef = 494D8FD229D14FE800AF9603 /* ContactPicker.swift */; };
		49B5967929CC340500F1FF4C /* CustomNavBar.swift in Sources */ = {isa = PBXBuildFile; fileRef = 49B5967829CC340500F1FF4C /* CustomNavBar.swift */; };
		49B5967D29CC526200F1FF4C /* OnboardingView.swift in Sources */ = {isa = PBXBuildFile; fileRef = 49B5967C29CC526200F1FF4C /* OnboardingView.swift */; };
		49B596CD29CD5D2600F1FF4C /* PopupViewController.swift in Sources */ = {isa = PBXBuildFile; fileRef = 49B596CC29CD5D2600F1FF4C /* PopupViewController.swift */; };
		49B596CF29CD5FF500F1FF4C /* PopupForm.swift in Sources */ = {isa = PBXBuildFile; fileRef = 49B596CE29CD5FF500F1FF4C /* PopupForm.swift */; };
/* End PBXBuildFile section */

/* Begin PBXFileReference section */
		490F33C829C83FBF00B99CDA /* A-Buddy.app */ = {isa = PBXFileReference; explicitFileType = wrapper.application; includeInIndex = 0; path = "A-Buddy.app"; sourceTree = BUILT_PRODUCTS_DIR; };
		490F33CB29C83FBF00B99CDA /* A_BuddyApp.swift */ = {isa = PBXFileReference; lastKnownFileType = sourcecode.swift; path = A_BuddyApp.swift; sourceTree = "<group>"; };
		490F33CD29C83FBF00B99CDA /* ContentView.swift */ = {isa = PBXFileReference; lastKnownFileType = sourcecode.swift; path = ContentView.swift; sourceTree = "<group>"; tabWidth = 4; };
		490F33CF29C83FC000B99CDA /* Assets.xcassets */ = {isa = PBXFileReference; lastKnownFileType = folder.assetcatalog; path = Assets.xcassets; sourceTree = "<group>"; };
		490F33D229C83FC000B99CDA /* Preview Assets.xcassets */ = {isa = PBXFileReference; lastKnownFileType = folder.assetcatalog; path = "Preview Assets.xcassets"; sourceTree = "<group>"; };
		490F33D429C83FC000B99CDA /* Persistence.swift */ = {isa = PBXFileReference; lastKnownFileType = sourcecode.swift; path = Persistence.swift; sourceTree = "<group>"; };
		490F33D729C83FC000B99CDA /* A_Buddy.xcdatamodel */ = {isa = PBXFileReference; lastKnownFileType = wrapper.xcdatamodel; path = A_Buddy.xcdatamodel; sourceTree = "<group>"; };
		492D2CFB29C9717100CA9CB7 /* PhotoManager.swift */ = {isa = PBXFileReference; lastKnownFileType = sourcecode.swift; path = PhotoManager.swift; sourceTree = "<group>"; };
		492D2CFF29CC0F9800CA9CB7 /* EntityPreView.swift */ = {isa = PBXFileReference; lastKnownFileType = sourcecode.swift; path = EntityPreView.swift; sourceTree = "<group>"; };
		492D2D0129CC1A8000CA9CB7 /* PersonalView.swift */ = {isa = PBXFileReference; lastKnownFileType = sourcecode.swift; path = PersonalView.swift; sourceTree = "<group>"; };
		492D2D0329CC220E00CA9CB7 /* BuddyPreview.swift */ = {isa = PBXFileReference; lastKnownFileType = sourcecode.swift; path = BuddyPreview.swift; sourceTree = "<group>"; };
		494D8F7B29CDAB5C00AF9603 /* SwiftUIView.swift */ = {isa = PBXFileReference; lastKnownFileType = sourcecode.swift; path = SwiftUIView.swift; sourceTree = "<group>"; };
		494D8F8229CDFE2700AF9603 /* BuddyManager.swift */ = {isa = PBXFileReference; lastKnownFileType = sourcecode.swift; path = BuddyManager.swift; sourceTree = "<group>"; };
		494D8F8429CE036400AF9603 /* AppDelegate.swift */ = {isa = PBXFileReference; lastKnownFileType = sourcecode.swift; path = AppDelegate.swift; sourceTree = "<group>"; };
		494D8FAA29CECC6700AF9603 /* UserDefaultManager.swift */ = {isa = PBXFileReference; lastKnownFileType = sourcecode.swift; path = UserDefaultManager.swift; sourceTree = "<group>"; };
		494D8FB029CEDE5000AF9603 /* UserDefaultsManager.swift */ = {isa = PBXFileReference; lastKnownFileType = sourcecode.swift; path = UserDefaultsManager.swift; sourceTree = "<group>"; };
		494D8FC029CF4FAA00AF9603 /* ScannerView.swift */ = {isa = PBXFileReference; lastKnownFileType = sourcecode.swift; path = ScannerView.swift; sourceTree = "<group>"; };
		494D8FC229CF52FE00AF9603 /* MyQRGenerator.swift */ = {isa = PBXFileReference; lastKnownFileType = sourcecode.swift; path = MyQRGenerator.swift; sourceTree = "<group>"; };
		494D8FC429CF550600AF9603 /* EntityDetail.swift */ = {isa = PBXFileReference; lastKnownFileType = sourcecode.swift; path = EntityDetail.swift; sourceTree = "<group>"; };
		494D8FC629D00EEE00AF9603 /* MyQRScanner.swift */ = {isa = PBXFileReference; lastKnownFileType = sourcecode.swift; path = MyQRScanner.swift; sourceTree = "<group>"; };
		494D8FC829D010AD00AF9603 /* Info.plist */ = {isa = PBXFileReference; lastKnownFileType = text.plist; path = Info.plist; sourceTree = "<group>"; };
		494D8FC929D0531600AF9603 /* DataBuddy.csv */ = {isa = PBXFileReference; fileEncoding = 4; lastKnownFileType = text; path = DataBuddy.csv; sourceTree = "<group>"; };
		494D8FCE29D0B7C000AF9603 /* ImagePickerView.swift */ = {isa = PBXFileReference; lastKnownFileType = sourcecode.swift; path = ImagePickerView.swift; sourceTree = "<group>"; };
		494D8FD029D119AF00AF9603 /* SearchBar.swift */ = {isa = PBXFileReference; lastKnownFileType = sourcecode.swift; path = SearchBar.swift; sourceTree = "<group>"; };
		494D8FD229D14FE800AF9603 /* ContactPicker.swift */ = {isa = PBXFileReference; lastKnownFileType = sourcecode.swift; path = ContactPicker.swift; sourceTree = "<group>"; };
		49B5967829CC340500F1FF4C /* CustomNavBar.swift */ = {isa = PBXFileReference; lastKnownFileType = sourcecode.swift; path = CustomNavBar.swift; sourceTree = "<group>"; };
		49B5967C29CC526200F1FF4C /* OnboardingView.swift */ = {isa = PBXFileReference; lastKnownFileType = sourcecode.swift; path = OnboardingView.swift; sourceTree = "<group>"; };
		49B596CC29CD5D2600F1FF4C /* PopupViewController.swift */ = {isa = PBXFileReference; lastKnownFileType = sourcecode.swift; path = PopupViewController.swift; sourceTree = "<group>"; };
		49B596CE29CD5FF500F1FF4C /* PopupForm.swift */ = {isa = PBXFileReference; lastKnownFileType = sourcecode.swift; path = PopupForm.swift; sourceTree = "<group>"; };
/* End PBXFileReference section */

/* Begin PBXFrameworksBuildPhase section */
		490F33C529C83FBF00B99CDA /* Frameworks */ = {
			isa = PBXFrameworksBuildPhase;
			buildActionMask = 2147483647;
			files = (
				494D8FCD29D0B78700AF9603 /* ImagePickerModule in Frameworks */,
				494D8FBF29CF4F6100AF9603 /* CodeScanner in Frameworks */,
			);
			runOnlyForDeploymentPostprocessing = 0;
		};
/* End PBXFrameworksBuildPhase section */

/* Begin PBXGroup section */
		490F33BF29C83FBF00B99CDA = {
			isa = PBXGroup;
			children = (
				494D8FD229D14FE800AF9603 /* ContactPicker.swift */,
				494D8FC929D0531600AF9603 /* DataBuddy.csv */,
				490F33CA29C83FBF00B99CDA /* A-Buddy */,
				490F33C929C83FBF00B99CDA /* Products */,
			);
			sourceTree = "<group>";
		};
		490F33C929C83FBF00B99CDA /* Products */ = {
			isa = PBXGroup;
			children = (
				490F33C829C83FBF00B99CDA /* A-Buddy.app */,
			);
			name = Products;
			sourceTree = "<group>";
		};
		490F33CA29C83FBF00B99CDA /* A-Buddy */ = {
			isa = PBXGroup;
			children = (
				494D8FC829D010AD00AF9603 /* Info.plist */,
				494D8FBC29CF4CA100AF9603 /* UnUsed */,
				494D8F8229CDFE2700AF9603 /* BuddyManager.swift */,
				494D8FC229CF52FE00AF9603 /* MyQRGenerator.swift */,
				494D8FC429CF550600AF9603 /* EntityDetail.swift */,
				490F33CB29C83FBF00B99CDA /* A_BuddyApp.swift */,
				494D8FC629D00EEE00AF9603 /* MyQRScanner.swift */,
				492D2CFF29CC0F9800CA9CB7 /* EntityPreView.swift */,
				492D2D0129CC1A8000CA9CB7 /* PersonalView.swift */,
				490F33CD29C83FBF00B99CDA /* ContentView.swift */,
				494D8FD029D119AF00AF9603 /* SearchBar.swift */,
				49B5967C29CC526200F1FF4C /* OnboardingView.swift */,
				490F33CF29C83FC000B99CDA /* Assets.xcassets */,
				490F33D429C83FC000B99CDA /* Persistence.swift */,
				490F33D629C83FC000B99CDA /* A_Buddy.xcdatamodeld */,
				494D8FCE29D0B7C000AF9603 /* ImagePickerView.swift */,
				490F33D129C83FC000B99CDA /* Preview Content */,
			);
			path = "A-Buddy";
			sourceTree = "<group>";
		};
		490F33D129C83FC000B99CDA /* Preview Content */ = {
			isa = PBXGroup;
			children = (
				490F33D229C83FC000B99CDA /* Preview Assets.xcassets */,
			);
			path = "Preview Content";
			sourceTree = "<group>";
		};
		494D8FBC29CF4CA100AF9603 /* UnUsed */ = {
			isa = PBXGroup;
			children = (
				494D8F8429CE036400AF9603 /* AppDelegate.swift */,
				49B596CE29CD5FF500F1FF4C /* PopupForm.swift */,
				49B596CC29CD5D2600F1FF4C /* PopupViewController.swift */,
				494D8F7B29CDAB5C00AF9603 /* SwiftUIView.swift */,
				49B5967829CC340500F1FF4C /* CustomNavBar.swift */,
				492D2CFB29C9717100CA9CB7 /* PhotoManager.swift */,
				494D8FAA29CECC6700AF9603 /* UserDefaultManager.swift */,
				494D8FB029CEDE5000AF9603 /* UserDefaultsManager.swift */,
				492D2D0329CC220E00CA9CB7 /* BuddyPreview.swift */,
				494D8FC029CF4FAA00AF9603 /* ScannerView.swift */,
			);
			path = UnUsed;
			sourceTree = "<group>";
		};
/* End PBXGroup section */

/* Begin PBXNativeTarget section */
		490F33C729C83FBF00B99CDA /* A-Buddy */ = {
			isa = PBXNativeTarget;
			buildConfigurationList = 490F33DB29C83FC000B99CDA /* Build configuration list for PBXNativeTarget "A-Buddy" */;
			buildPhases = (
				490F33C429C83FBF00B99CDA /* Sources */,
				490F33C529C83FBF00B99CDA /* Frameworks */,
				490F33C629C83FBF00B99CDA /* Resources */,
			);
			buildRules = (
			);
			dependencies = (
			);
			name = "A-Buddy";
			packageProductDependencies = (
				494D8FBE29CF4F6100AF9603 /* CodeScanner */,
				494D8FCC29D0B78700AF9603 /* ImagePickerModule */,
			);
			productName = "A-Buddy";
			productReference = 490F33C829C83FBF00B99CDA /* A-Buddy.app */;
			productType = "com.apple.product-type.application";
		};
/* End PBXNativeTarget section */

/* Begin PBXProject section */
		490F33C029C83FBF00B99CDA /* Project object */ = {
			isa = PBXProject;
			attributes = {
				BuildIndependentTargetsInParallel = 1;
				LastSwiftUpdateCheck = 1420;
				LastUpgradeCheck = 1420;
				TargetAttributes = {
					490F33C729C83FBF00B99CDA = {
						CreatedOnToolsVersion = 14.2;
					};
				};
			};
			buildConfigurationList = 490F33C329C83FBF00B99CDA /* Build configuration list for PBXProject "A-Buddy" */;
			compatibilityVersion = "Xcode 14.0";
			developmentRegion = en;
			hasScannedForEncodings = 0;
			knownRegions = (
				en,
				Base,
			);
			mainGroup = 490F33BF29C83FBF00B99CDA;
			packageReferences = (
				494D8FBD29CF4F6100AF9603 /* XCRemoteSwiftPackageReference "CodeScanner" */,
				494D8FCB29D0B78700AF9603 /* XCRemoteSwiftPackageReference "image-picker-module" */,
			);
			productRefGroup = 490F33C929C83FBF00B99CDA /* Products */;
			projectDirPath = "";
			projectRoot = "";
			targets = (
				490F33C729C83FBF00B99CDA /* A-Buddy */,
			);
		};
/* End PBXProject section */

/* Begin PBXResourcesBuildPhase section */
		490F33C629C83FBF00B99CDA /* Resources */ = {
			isa = PBXResourcesBuildPhase;
			buildActionMask = 2147483647;
			files = (
				490F33D329C83FC000B99CDA /* Preview Assets.xcassets in Resources */,
				490F33D029C83FC000B99CDA /* Assets.xcassets in Resources */,
				494D8FCA29D0531600AF9603 /* DataBuddy.csv in Resources */,
			);
			runOnlyForDeploymentPostprocessing = 0;
		};
/* End PBXResourcesBuildPhase section */

/* Begin PBXSourcesBuildPhase section */
		490F33C429C83FBF00B99CDA /* Sources */ = {
			isa = PBXSourcesBuildPhase;
			buildActionMask = 2147483647;
			files = (
				490F33D829C83FC000B99CDA /* A_Buddy.xcdatamodeld in Sources */,
				490F33D529C83FC000B99CDA /* Persistence.swift in Sources */,
				494D8FAB29CECC6700AF9603 /* UserDefaultManager.swift in Sources */,
				490F33CE29C83FBF00B99CDA /* ContentView.swift in Sources */,
				494D8FB129CEDE5000AF9603 /* UserDefaultsManager.swift in Sources */,
				494D8FC529CF550600AF9603 /* EntityDetail.swift in Sources */,
				494D8F8329CDFE2700AF9603 /* BuddyManager.swift in Sources */,
				492D2CFC29C9717100CA9CB7 /* PhotoManager.swift in Sources */,
				49B5967929CC340500F1FF4C /* CustomNavBar.swift in Sources */,
				492D2D0229CC1A8000CA9CB7 /* PersonalView.swift in Sources */,
				494D8FC129CF4FAA00AF9603 /* ScannerView.swift in Sources */,
				494D8F8529CE036400AF9603 /* AppDelegate.swift in Sources */,
				490F33CC29C83FBF00B99CDA /* A_BuddyApp.swift in Sources */,
				492D2D0429CC220E00CA9CB7 /* BuddyPreview.swift in Sources */,
				494D8FCF29D0B7C000AF9603 /* ImagePickerView.swift in Sources */,
				494D8FC729D00EEE00AF9603 /* MyQRScanner.swift in Sources */,
				494D8FD329D14FE800AF9603 /* ContactPicker.swift in Sources */,
				494D8FD129D119AF00AF9603 /* SearchBar.swift in Sources */,
				494D8FC329CF52FE00AF9603 /* MyQRGenerator.swift in Sources */,
				49B596CF29CD5FF500F1FF4C /* PopupForm.swift in Sources */,
				492D2D0029CC0F9800CA9CB7 /* EntityPreView.swift in Sources */,
				49B5967D29CC526200F1FF4C /* OnboardingView.swift in Sources */,
				49B596CD29CD5D2600F1FF4C /* PopupViewController.swift in Sources */,
				494D8F7C29CDAB5C00AF9603 /* SwiftUIView.swift in Sources */,
			);
			runOnlyForDeploymentPostprocessing = 0;
		};
/* End PBXSourcesBuildPhase section */

/* Begin XCBuildConfiguration section */
		490F33D929C83FC000B99CDA /* Debug */ = {
			isa = XCBuildConfiguration;
			buildSettings = {
				ALWAYS_SEARCH_USER_PATHS = NO;
				CLANG_ANALYZER_NONNULL = YES;
				CLANG_ANALYZER_NUMBER_OBJECT_CONVERSION = YES_AGGRESSIVE;
				CLANG_CXX_LANGUAGE_STANDARD = "gnu++20";
				CLANG_ENABLE_MODULES = YES;
				CLANG_ENABLE_OBJC_ARC = YES;
				CLANG_ENABLE_OBJC_WEAK = YES;
				CLANG_WARN_BLOCK_CAPTURE_AUTORELEASING = YES;
				CLANG_WARN_BOOL_CONVERSION = YES;
				CLANG_WARN_COMMA = YES;
				CLANG_WARN_CONSTANT_CONVERSION = YES;
				CLANG_WARN_DEPRECATED_OBJC_IMPLEMENTATIONS = YES;
				CLANG_WARN_DIRECT_OBJC_ISA_USAGE = YES_ERROR;
				CLANG_WARN_DOCUMENTATION_COMMENTS = YES;
				CLANG_WARN_EMPTY_BODY = YES;
				CLANG_WARN_ENUM_CONVERSION = YES;
				CLANG_WARN_INFINITE_RECURSION = YES;
				CLANG_WARN_INT_CONVERSION = YES;
				CLANG_WARN_NON_LITERAL_NULL_CONVERSION = YES;
				CLANG_WARN_OBJC_IMPLICIT_RETAIN_SELF = YES;
				CLANG_WARN_OBJC_LITERAL_CONVERSION = YES;
				CLANG_WARN_OBJC_ROOT_CLASS = YES_ERROR;
				CLANG_WARN_QUOTED_INCLUDE_IN_FRAMEWORK_HEADER = YES;
				CLANG_WARN_RANGE_LOOP_ANALYSIS = YES;
				CLANG_WARN_STRICT_PROTOTYPES = YES;
				CLANG_WARN_SUSPICIOUS_MOVE = YES;
				CLANG_WARN_UNGUARDED_AVAILABILITY = YES_AGGRESSIVE;
				CLANG_WARN_UNREACHABLE_CODE = YES;
				CLANG_WARN__DUPLICATE_METHOD_MATCH = YES;
				COPY_PHASE_STRIP = NO;
				DEBUG_INFORMATION_FORMAT = dwarf;
				ENABLE_STRICT_OBJC_MSGSEND = YES;
				ENABLE_TESTABILITY = YES;
				GCC_C_LANGUAGE_STANDARD = gnu11;
				GCC_DYNAMIC_NO_PIC = NO;
				GCC_NO_COMMON_BLOCKS = YES;
				GCC_OPTIMIZATION_LEVEL = 0;
				GCC_PREPROCESSOR_DEFINITIONS = (
					"DEBUG=1",
					"$(inherited)",
				);
				GCC_WARN_64_TO_32_BIT_CONVERSION = YES;
				GCC_WARN_ABOUT_RETURN_TYPE = YES_ERROR;
				GCC_WARN_UNDECLARED_SELECTOR = YES;
				GCC_WARN_UNINITIALIZED_AUTOS = YES_AGGRESSIVE;
				GCC_WARN_UNUSED_FUNCTION = YES;
				GCC_WARN_UNUSED_VARIABLE = YES;
				IPHONEOS_DEPLOYMENT_TARGET = 16.2;
				MTL_ENABLE_DEBUG_INFO = INCLUDE_SOURCE;
				MTL_FAST_MATH = YES;
				ONLY_ACTIVE_ARCH = YES;
				SDKROOT = iphoneos;
				SWIFT_ACTIVE_COMPILATION_CONDITIONS = DEBUG;
				SWIFT_OPTIMIZATION_LEVEL = "-Onone";
			};
			name = Debug;
		};
		490F33DA29C83FC000B99CDA /* Release */ = {
			isa = XCBuildConfiguration;
			buildSettings = {
				ALWAYS_SEARCH_USER_PATHS = NO;
				CLANG_ANALYZER_NONNULL = YES;
				CLANG_ANALYZER_NUMBER_OBJECT_CONVERSION = YES_AGGRESSIVE;
				CLANG_CXX_LANGUAGE_STANDARD = "gnu++20";
				CLANG_ENABLE_MODULES = YES;
				CLANG_ENABLE_OBJC_ARC = YES;
				CLANG_ENABLE_OBJC_WEAK = YES;
				CLANG_WARN_BLOCK_CAPTURE_AUTORELEASING = YES;
				CLANG_WARN_BOOL_CONVERSION = YES;
				CLANG_WARN_COMMA = YES;
				CLANG_WARN_CONSTANT_CONVERSION = YES;
				CLANG_WARN_DEPRECATED_OBJC_IMPLEMENTATIONS = YES;
				CLANG_WARN_DIRECT_OBJC_ISA_USAGE = YES_ERROR;
				CLANG_WARN_DOCUMENTATION_COMMENTS = YES;
				CLANG_WARN_EMPTY_BODY = YES;
				CLANG_WARN_ENUM_CONVERSION = YES;
				CLANG_WARN_INFINITE_RECURSION = YES;
				CLANG_WARN_INT_CONVERSION = YES;
				CLANG_WARN_NON_LITERAL_NULL_CONVERSION = YES;
				CLANG_WARN_OBJC_IMPLICIT_RETAIN_SELF = YES;
				CLANG_WARN_OBJC_LITERAL_CONVERSION = YES;
				CLANG_WARN_OBJC_ROOT_CLASS = YES_ERROR;
				CLANG_WARN_QUOTED_INCLUDE_IN_FRAMEWORK_HEADER = YES;
				CLANG_WARN_RANGE_LOOP_ANALYSIS = YES;
				CLANG_WARN_STRICT_PROTOTYPES = YES;
				CLANG_WARN_SUSPICIOUS_MOVE = YES;
				CLANG_WARN_UNGUARDED_AVAILABILITY = YES_AGGRESSIVE;
				CLANG_WARN_UNREACHABLE_CODE = YES;
				CLANG_WARN__DUPLICATE_METHOD_MATCH = YES;
				COPY_PHASE_STRIP = NO;
				DEBUG_INFORMATION_FORMAT = "dwarf-with-dsym";
				ENABLE_NS_ASSERTIONS = NO;
				ENABLE_STRICT_OBJC_MSGSEND = YES;
				GCC_C_LANGUAGE_STANDARD = gnu11;
				GCC_NO_COMMON_BLOCKS = YES;
				GCC_WARN_64_TO_32_BIT_CONVERSION = YES;
				GCC_WARN_ABOUT_RETURN_TYPE = YES_ERROR;
				GCC_WARN_UNDECLARED_SELECTOR = YES;
				GCC_WARN_UNINITIALIZED_AUTOS = YES_AGGRESSIVE;
				GCC_WARN_UNUSED_FUNCTION = YES;
				GCC_WARN_UNUSED_VARIABLE = YES;
				IPHONEOS_DEPLOYMENT_TARGET = 16.2;
				MTL_ENABLE_DEBUG_INFO = NO;
				MTL_FAST_MATH = YES;
				SDKROOT = iphoneos;
				SWIFT_COMPILATION_MODE = wholemodule;
				SWIFT_OPTIMIZATION_LEVEL = "-O";
				VALIDATE_PRODUCT = YES;
			};
			name = Release;
		};
		490F33DC29C83FC000B99CDA /* Debug */ = {
			isa = XCBuildConfiguration;
			buildSettings = {
				ASSETCATALOG_COMPILER_APPICON_NAME = AppIcon;
				ASSETCATALOG_COMPILER_GLOBAL_ACCENT_COLOR_NAME = AccentColor;
				CODE_SIGN_STYLE = Automatic;
				CURRENT_PROJECT_VERSION = 1;
				DEVELOPMENT_ASSET_PATHS = "\"A-Buddy/Preview Content\"";
				DEVELOPMENT_TEAM = C5V5PAM88P;
				ENABLE_PREVIEWS = YES;
				GENERATE_INFOPLIST_FILE = YES;
				INFOPLIST_FILE = "A-Buddy/Info.plist";
				INFOPLIST_KEY_NSCameraUsageDescription = "We need to scan QR codes";
				INFOPLIST_KEY_NSContactsUsageDescription = "We need to acces your contact to save";
				INFOPLIST_KEY_UIApplicationSceneManifest_Generation = YES;
				INFOPLIST_KEY_UIApplicationSupportsIndirectInputEvents = YES;
				INFOPLIST_KEY_UILaunchScreen_Generation = YES;
				INFOPLIST_KEY_UISupportedInterfaceOrientations_iPad = "UIInterfaceOrientationPortrait UIInterfaceOrientationPortraitUpsideDown UIInterfaceOrientationLandscapeLeft UIInterfaceOrientationLandscapeRight";
				INFOPLIST_KEY_UISupportedInterfaceOrientations_iPhone = "UIInterfaceOrientationPortrait UIInterfaceOrientationLandscapeLeft UIInterfaceOrientationLandscapeRight";
				LD_RUNPATH_SEARCH_PATHS = (
					"$(inherited)",
					"@executable_path/Frameworks",
				);
				MARKETING_VERSION = 1.0;
				PRODUCT_BUNDLE_IDENTIFIER = "Fay-Fay.A-Buddy";
				PRODUCT_NAME = "$(TARGET_NAME)";
				SWIFT_EMIT_LOC_STRINGS = YES;
				SWIFT_VERSION = 5.0;
				TARGETED_DEVICE_FAMILY = "1,2";
			};
			name = Debug;
		};
		490F33DD29C83FC000B99CDA /* Release */ = {
			isa = XCBuildConfiguration;
			buildSettings = {
				ASSETCATALOG_COMPILER_APPICON_NAME = AppIcon;
				ASSETCATALOG_COMPILER_GLOBAL_ACCENT_COLOR_NAME = AccentColor;
				CODE_SIGN_STYLE = Automatic;
				CURRENT_PROJECT_VERSION = 1;
				DEVELOPMENT_ASSET_PATHS = "\"A-Buddy/Preview Content\"";
				DEVELOPMENT_TEAM = C5V5PAM88P;
				ENABLE_PREVIEWS = YES;
				GENERATE_INFOPLIST_FILE = YES;
				INFOPLIST_FILE = "A-Buddy/Info.plist";
				INFOPLIST_KEY_NSCameraUsageDescription = "We need to scan QR codes";
				INFOPLIST_KEY_NSContactsUsageDescription = "We need to acces your contact to save";
				INFOPLIST_KEY_UIApplicationSceneManifest_Generation = YES;
				INFOPLIST_KEY_UIApplicationSupportsIndirectInputEvents = YES;
				INFOPLIST_KEY_UILaunchScreen_Generation = YES;
				INFOPLIST_KEY_UISupportedInterfaceOrientations_iPad = "UIInterfaceOrientationPortrait UIInterfaceOrientationPortraitUpsideDown UIInterfaceOrientationLandscapeLeft UIInterfaceOrientationLandscapeRight";
				INFOPLIST_KEY_UISupportedInterfaceOrientations_iPhone = "UIInterfaceOrientationPortrait UIInterfaceOrientationLandscapeLeft UIInterfaceOrientationLandscapeRight";
				LD_RUNPATH_SEARCH_PATHS = (
					"$(inherited)",
					"@executable_path/Frameworks",
				);
				MARKETING_VERSION = 1.0;
				PRODUCT_BUNDLE_IDENTIFIER = "Fay-Fay.A-Buddy";
				PRODUCT_NAME = "$(TARGET_NAME)";
				SWIFT_EMIT_LOC_STRINGS = YES;
				SWIFT_VERSION = 5.0;
				TARGETED_DEVICE_FAMILY = "1,2";
			};
			name = Release;
		};
/* End XCBuildConfiguration section */

/* Begin XCConfigurationList section */
		490F33C329C83FBF00B99CDA /* Build configuration list for PBXProject "A-Buddy" */ = {
			isa = XCConfigurationList;
			buildConfigurations = (
				490F33D929C83FC000B99CDA /* Debug */,
				490F33DA29C83FC000B99CDA /* Release */,
			);
			defaultConfigurationIsVisible = 0;
			defaultConfigurationName = Release;
		};
		490F33DB29C83FC000B99CDA /* Build configuration list for PBXNativeTarget "A-Buddy" */ = {
			isa = XCConfigurationList;
			buildConfigurations = (
				490F33DC29C83FC000B99CDA /* Debug */,
				490F33DD29C83FC000B99CDA /* Release */,
			);
			defaultConfigurationIsVisible = 0;
			defaultConfigurationName = Release;
		};
/* End XCConfigurationList section */

/* Begin XCRemoteSwiftPackageReference section */
		494D8FBD29CF4F6100AF9603 /* XCRemoteSwiftPackageReference "CodeScanner" */ = {
			isa = XCRemoteSwiftPackageReference;
			repositoryURL = "https://github.com/twostraws/CodeScanner.git";
			requirement = {
				kind = upToNextMajorVersion;
				minimumVersion = 2.0.0;
			};
		};
		494D8FCB29D0B78700AF9603 /* XCRemoteSwiftPackageReference "image-picker-module" */ = {
			isa = XCRemoteSwiftPackageReference;
			repositoryURL = "https://github.com/swiftui-packages/image-picker-module.git";
			requirement = {
				kind = upToNextMajorVersion;
				minimumVersion = 1.0.0;
			};
		};
/* End XCRemoteSwiftPackageReference section */

/* Begin XCSwiftPackageProductDependency section */
		494D8FBE29CF4F6100AF9603 /* CodeScanner */ = {
			isa = XCSwiftPackageProductDependency;
			package = 494D8FBD29CF4F6100AF9603 /* XCRemoteSwiftPackageReference "CodeScanner" */;
			productName = CodeScanner;
		};
		494D8FCC29D0B78700AF9603 /* ImagePickerModule */ = {
			isa = XCSwiftPackageProductDependency;
			package = 494D8FCB29D0B78700AF9603 /* XCRemoteSwiftPackageReference "image-picker-module" */;
			productName = ImagePickerModule;
		};
/* End XCSwiftPackageProductDependency section */

/* Begin XCVersionGroup section */
		490F33D629C83FC000B99CDA /* A_Buddy.xcdatamodeld */ = {
			isa = XCVersionGroup;
			children = (
				490F33D729C83FC000B99CDA /* A_Buddy.xcdatamodel */,
			);
			currentVersion = 490F33D729C83FC000B99CDA /* A_Buddy.xcdatamodel */;
			path = A_Buddy.xcdatamodeld;
			sourceTree = "<group>";
			versionGroupType = wrapper.xcdatamodel;
		};
/* End XCVersionGroup section */
	};
	rootObject = 490F33C029C83FBF00B99CDA /* Project object */;
}
