// !$*UTF8*$!
{
	archiveVersion = 1;
	classes = {
	};
	objectVersion = 56;
	objects = {

/* Begin PBXBuildFile section */
		490F33CC29C83FBF00B99CDA /* A_BuddyApp.swift in Sources */ = {isa = PBXBuildFile; fileRef = 490F33CB29C83FBF00B99CDA /* A_BuddyApp.swift */; };
		490F33CE29C83FBF00B99CDA /* ContentView.swift in Sources */ = {isa = PBXBuildFile; fileRef = 490F33CD29C83FBF00B99CDA /* ContentView.swift */; };
		490F33D029C83FC000B99CDA /* Assets.xcassets in Resources */ = {isa = PBXBuildFile; fileRef = 490F33CF29C83FC000B99CDA /* Assets.xcassets */; };
		490F33D529C83FC000B99CDA /* Persistence.swift in Sources */ = {isa = PBXBuildFile; fileRef = 490F33D429C83FC000B99CDA /* Persistence.swift */; };
		490F33D829C83FC000B99CDA /* A_Buddy.xcdatamodeld in Sources */ = {isa = PBXBuildFile; fileRef = 490F33D629C83FC000B99CDA /* A_Buddy.xcdatamodeld */; };
		9B1CCDC929CB703C00C1CAD5 /* OnBoardingForm.swift in Sources */ = {isa = PBXBuildFile; fileRef = 9B1CCDC829CB703C00C1CAD5 /* OnBoardingForm.swift */; };
		9B37FC4F29C9C7A6008BDF71 /* Index.swift in Sources */ = {isa = PBXBuildFile; fileRef = 9B37FC4E29C9C7A6008BDF71 /* Index.swift */; };
		9B3F803129CC2C8D004B1D50 /* UserProfile.swift in Sources */ = {isa = PBXBuildFile; fileRef = 9B3F803029CC2C8D004B1D50 /* UserProfile.swift */; };
		9B57F75C29CA1E940098067A /* OnBoarding.swift in Sources */ = {isa = PBXBuildFile; fileRef = 9B57F75B29CA1E940098067A /* OnBoarding.swift */; };
/* End PBXBuildFile section */

/* Begin PBXFileReference section */
		490F33C829C83FBF00B99CDA /* A-Buddy.app */ = {isa = PBXFileReference; explicitFileType = wrapper.application; includeInIndex = 0; path = "A-Buddy.app"; sourceTree = BUILT_PRODUCTS_DIR; };
		490F33CB29C83FBF00B99CDA /* A_BuddyApp.swift */ = {isa = PBXFileReference; lastKnownFileType = sourcecode.swift; path = A_BuddyApp.swift; sourceTree = "<group>"; };
		490F33CD29C83FBF00B99CDA /* ContentView.swift */ = {isa = PBXFileReference; lastKnownFileType = sourcecode.swift; path = ContentView.swift; sourceTree = "<group>"; };
		490F33CF29C83FC000B99CDA /* Assets.xcassets */ = {isa = PBXFileReference; lastKnownFileType = folder.assetcatalog; path = Assets.xcassets; sourceTree = "<group>"; };
		490F33D429C83FC000B99CDA /* Persistence.swift */ = {isa = PBXFileReference; lastKnownFileType = sourcecode.swift; path = Persistence.swift; sourceTree = "<group>"; };
		490F33D729C83FC000B99CDA /* A_Buddy.xcdatamodel */ = {isa = PBXFileReference; lastKnownFileType = wrapper.xcdatamodel; path = A_Buddy.xcdatamodel; sourceTree = "<group>"; };
		9B1CCDC829CB703C00C1CAD5 /* OnBoardingForm.swift */ = {isa = PBXFileReference; lastKnownFileType = sourcecode.swift; path = OnBoardingForm.swift; sourceTree = "<group>"; };
		9B37FC4E29C9C7A6008BDF71 /* Index.swift */ = {isa = PBXFileReference; lastKnownFileType = sourcecode.swift; path = Index.swift; sourceTree = "<group>"; };
		9B3F803029CC2C8D004B1D50 /* UserProfile.swift */ = {isa = PBXFileReference; lastKnownFileType = sourcecode.swift; path = UserProfile.swift; sourceTree = "<group>"; };
		9B57F75B29CA1E940098067A /* OnBoarding.swift */ = {isa = PBXFileReference; lastKnownFileType = sourcecode.swift; path = OnBoarding.swift; sourceTree = "<group>"; };
/* End PBXFileReference section */

/* Begin PBXFrameworksBuildPhase section */
		490F33C529C83FBF00B99CDA /* Frameworks */ = {
			isa = PBXFrameworksBuildPhase;
			buildActionMask = 2147483647;
			files = (
			);
			runOnlyForDeploymentPostprocessing = 0;
		};
/* End PBXFrameworksBuildPhase section */

/* Begin PBXGroup section */
		490F33BF29C83FBF00B99CDA = {
			isa = PBXGroup;
			children = (
				490F33CA29C83FBF00B99CDA /* A-Buddy */,
				490F33C929C83FBF00B99CDA /* Products */,
			);
			sourceTree = "<group>";
		};
		490F33C929C83FBF00B99CDA /* Products */ = {
			isa = PBXGroup;
			children = (
				490F33C829C83FBF00B99CDA /* A-Buddy.app */,
			);
			name = Products;
			sourceTree = "<group>";
		};
		490F33CA29C83FBF00B99CDA /* A-Buddy */ = {
			isa = PBXGroup;
			children = (
				490F33CB29C83FBF00B99CDA /* A_BuddyApp.swift */,
				490F33CD29C83FBF00B99CDA /* ContentView.swift */,
				9B37FC4E29C9C7A6008BDF71 /* Index.swift */,
				9B1CCDC829CB703C00C1CAD5 /* OnBoardingForm.swift */,
				9B3F803029CC2C8D004B1D50 /* UserProfile.swift */,
				9B57F75B29CA1E940098067A /* OnBoarding.swift */,
				490F33CF29C83FC000B99CDA /* Assets.xcassets */,
				490F33D429C83FC000B99CDA /* Persistence.swift */,
				490F33D629C83FC000B99CDA /* A_Buddy.xcdatamodeld */,
			);
			path = "A-Buddy";
			sourceTree = "<group>";
		};
/* End PBXGroup section */

/* Begin PBXNativeTarget section */
		490F33C729C83FBF00B99CDA /* A-Buddy */ = {
			isa = PBXNativeTarget;
			buildConfigurationList = 490F33DB29C83FC000B99CDA /* Build configuration list for PBXNativeTarget "A-Buddy" */;
			buildPhases = (
				490F33C429C83FBF00B99CDA /* Sources */,
				490F33C529C83FBF00B99CDA /* Frameworks */,
				490F33C629C83FBF00B99CDA /* Resources */,
			);
			buildRules = (
			);
			dependencies = (
			);
			name = "A-Buddy";
			productName = "A-Buddy";
			productReference = 490F33C829C83FBF00B99CDA /* A-Buddy.app */;
			productType = "com.apple.product-type.application";
		};
/* End PBXNativeTarget section */

/* Begin PBXProject section */
		490F33C029C83FBF00B99CDA /* Project object */ = {
			isa = PBXProject;
			attributes = {
				BuildIndependentTargetsInParallel = 1;
				LastSwiftUpdateCheck = 1420;
				LastUpgradeCheck = 1420;
				TargetAttributes = {
					490F33C729C83FBF00B99CDA = {
						CreatedOnToolsVersion = 14.2;
					};
				};
			};
			buildConfigurationList = 490F33C329C83FBF00B99CDA /* Build configuration list for PBXProject "A-Buddy" */;
			compatibilityVersion = "Xcode 14.0";
			developmentRegion = en;
			hasScannedForEncodings = 0;
			knownRegions = (
				en,
				Base,
			);
			mainGroup = 490F33BF29C83FBF00B99CDA;
			productRefGroup = 490F33C929C83FBF00B99CDA /* Products */;
			projectDirPath = "";
			projectRoot = "";
			targets = (
				490F33C729C83FBF00B99CDA /* A-Buddy */,
			);
		};
/* End PBXProject section */

/* Begin PBXResourcesBuildPhase section */
		490F33C629C83FBF00B99CDA /* Resources */ = {
			isa = PBXResourcesBuildPhase;
			buildActionMask = 2147483647;
			files = (
				490F33D029C83FC000B99CDA /* Assets.xcassets in Resources */,
			);
			runOnlyForDeploymentPostprocessing = 0;
		};
/* End PBXResourcesBuildPhase section */

/* Begin PBXSourcesBuildPhase section */
		490F33C429C83FBF00B99CDA /* Sources */ = {
			isa = PBXSourcesBuildPhase;
			buildActionMask = 2147483647;
			files = (
				490F33D829C83FC000B99CDA /* A_Buddy.xcdatamodeld in Sources */,
				9B1CCDC929CB703C00C1CAD5 /* OnBoardingForm.swift in Sources */,
				490F33D529C83FC000B99CDA /* Persistence.swift in Sources */,
				490F33CE29C83FBF00B99CDA /* ContentView.swift in Sources */,
				9B3F803129CC2C8D004B1D50 /* UserProfile.swift in Sources */,
				490F33CC29C83FBF00B99CDA /* A_BuddyApp.swift in Sources */,
				9B57F75C29CA1E940098067A /* OnBoarding.swift in Sources */,
				9B37FC4F29C9C7A6008BDF71 /* Index.swift in Sources */,
			);
			runOnlyForDeploymentPostprocessing = 0;
		};
/* End PBXSourcesBuildPhase section */

/* Begin XCBuildConfiguration section */
		490F33D929C83FC000B99CDA /* Debug */ = {
			isa = XCBuildConfiguration;
			buildSettings = {
				ALWAYS_SEARCH_USER_PATHS = NO;
				CLANG_ANALYZER_NONNULL = YES;
				CLANG_ANALYZER_NUMBER_OBJECT_CONVERSION = YES_AGGRESSIVE;
				CLANG_CXX_LANGUAGE_STANDARD = "gnu++20";
				CLANG_ENABLE_MODULES = YES;
				CLANG_ENABLE_OBJC_ARC = YES;
				CLANG_ENABLE_OBJC_WEAK = YES;
				CLANG_WARN_BLOCK_CAPTURE_AUTORELEASING = YES;
				CLANG_WARN_BOOL_CONVERSION = YES;
				CLANG_WARN_COMMA = YES;
				CLANG_WARN_CONSTANT_CONVERSION = YES;
				CLANG_WARN_DEPRECATED_OBJC_IMPLEMENTATIONS = YES;
				CLANG_WARN_DIRECT_OBJC_ISA_USAGE = YES_ERROR;
				CLANG_WARN_DOCUMENTATION_COMMENTS = YES;
				CLANG_WARN_EMPTY_BODY = YES;
				CLANG_WARN_ENUM_CONVERSION = YES;
				CLANG_WARN_INFINITE_RECURSION = YES;
				CLANG_WARN_INT_CONVERSION = YES;
				CLANG_WARN_NON_LITERAL_NULL_CONVERSION = YES;
				CLANG_WARN_OBJC_IMPLICIT_RETAIN_SELF = YES;
				CLANG_WARN_OBJC_LITERAL_CONVERSION = YES;
				CLANG_WARN_OBJC_ROOT_CLASS = YES_ERROR;
				CLANG_WARN_QUOTED_INCLUDE_IN_FRAMEWORK_HEADER = YES;
				CLANG_WARN_RANGE_LOOP_ANALYSIS = YES;
				CLANG_WARN_STRICT_PROTOTYPES = YES;
				CLANG_WARN_SUSPICIOUS_MOVE = YES;
				CLANG_WARN_UNGUARDED_AVAILABILITY = YES_AGGRESSIVE;
				CLANG_WARN_UNREACHABLE_CODE = YES;
				CLANG_WARN__DUPLICATE_METHOD_MATCH = YES;
				COPY_PHASE_STRIP = NO;
				DEBUG_INFORMATION_FORMAT = dwarf;
				ENABLE_STRICT_OBJC_MSGSEND = YES;
				ENABLE_TESTABILITY = YES;
				GCC_C_LANGUAGE_STANDARD = gnu11;
				GCC_DYNAMIC_NO_PIC = NO;
				GCC_NO_COMMON_BLOCKS = YES;
				GCC_OPTIMIZATION_LEVEL = 0;
				GCC_PREPROCESSOR_DEFINITIONS = (
					"DEBUG=1",
					"$(inherited)",
				);
				GCC_WARN_64_TO_32_BIT_CONVERSION = YES;
				GCC_WARN_ABOUT_RETURN_TYPE = YES_ERROR;
				GCC_WARN_UNDECLARED_SELECTOR = YES;
				GCC_WARN_UNINITIALIZED_AUTOS = YES_AGGRESSIVE;
				GCC_WARN_UNUSED_FUNCTION = YES;
				GCC_WARN_UNUSED_VARIABLE = YES;
				IPHONEOS_DEPLOYMENT_TARGET = 16.2;
				MTL_ENABLE_DEBUG_INFO = INCLUDE_SOURCE;
				MTL_FAST_MATH = YES;
				ONLY_ACTIVE_ARCH = YES;
				SDKROOT = iphoneos;
				SWIFT_ACTIVE_COMPILATION_CONDITIONS = DEBUG;
				SWIFT_OPTIMIZATION_LEVEL = "-Onone";
			};
			name = Debug;
		};
		490F33DA29C83FC000B99CDA /* Release */ = {
			isa = XCBuildConfiguration;
			buildSettings = {
				ALWAYS_SEARCH_USER_PATHS = NO;
				CLANG_ANALYZER_NONNULL = YES;
				CLANG_ANALYZER_NUMBER_OBJECT_CONVERSION = YES_AGGRESSIVE;
				CLANG_CXX_LANGUAGE_STANDARD = "gnu++20";
				CLANG_ENABLE_MODULES = YES;
				CLANG_ENABLE_OBJC_ARC = YES;
				CLANG_ENABLE_OBJC_WEAK = YES;
				CLANG_WARN_BLOCK_CAPTURE_AUTORELEASING = YES;
				CLANG_WARN_BOOL_CONVERSION = YES;
				CLANG_WARN_COMMA = YES;
				CLANG_WARN_CONSTANT_CONVERSION = YES;
				CLANG_WARN_DEPRECATED_OBJC_IMPLEMENTATIONS = YES;
				CLANG_WARN_DIRECT_OBJC_ISA_USAGE = YES_ERROR;
				CLANG_WARN_DOCUMENTATION_COMMENTS = YES;
				CLANG_WARN_EMPTY_BODY = YES;
				CLANG_WARN_ENUM_CONVERSION = YES;
				CLANG_WARN_INFINITE_RECURSION = YES;
				CLANG_WARN_INT_CONVERSION = YES;
				CLANG_WARN_NON_LITERAL_NULL_CONVERSION = YES;
				CLANG_WARN_OBJC_IMPLICIT_RETAIN_SELF = YES;
				CLANG_WARN_OBJC_LITERAL_CONVERSION = YES;
				CLANG_WARN_OBJC_ROOT_CLASS = YES_ERROR;
				CLANG_WARN_QUOTED_INCLUDE_IN_FRAMEWORK_HEADER = YES;
				CLANG_WARN_RANGE_LOOP_ANALYSIS = YES;
				CLANG_WARN_STRICT_PROTOTYPES = YES;
				CLANG_WARN_SUSPICIOUS_MOVE = YES;
				CLANG_WARN_UNGUARDED_AVAILABILITY = YES_AGGRESSIVE;
				CLANG_WARN_UNREACHABLE_CODE = YES;
				CLANG_WARN__DUPLICATE_METHOD_MATCH = YES;
				COPY_PHASE_STRIP = NO;
				DEBUG_INFORMATION_FORMAT = "dwarf-with-dsym";
				ENABLE_NS_ASSERTIONS = NO;
				ENABLE_STRICT_OBJC_MSGSEND = YES;
				GCC_C_LANGUAGE_STANDARD = gnu11;
				GCC_NO_COMMON_BLOCKS = YES;
				GCC_WARN_64_TO_32_BIT_CONVERSION = YES;
				GCC_WARN_ABOUT_RETURN_TYPE = YES_ERROR;
				GCC_WARN_UNDECLARED_SELECTOR = YES;
				GCC_WARN_UNINITIALIZED_AUTOS = YES_AGGRESSIVE;
				GCC_WARN_UNUSED_FUNCTION = YES;
				GCC_WARN_UNUSED_VARIABLE = YES;
				IPHONEOS_DEPLOYMENT_TARGET = 16.2;
				MTL_ENABLE_DEBUG_INFO = NO;
				MTL_FAST_MATH = YES;
				SDKROOT = iphoneos;
				SWIFT_COMPILATION_MODE = wholemodule;
				SWIFT_OPTIMIZATION_LEVEL = "-O";
				VALIDATE_PRODUCT = YES;
			};
			name = Release;
		};
		490F33DC29C83FC000B99CDA /* Debug */ = {
			isa = XCBuildConfiguration;
			buildSettings = {
				ASSETCATALOG_COMPILER_APPICON_NAME = AppIcon;
				ASSETCATALOG_COMPILER_GLOBAL_ACCENT_COLOR_NAME = AccentColor;
				CODE_SIGN_STYLE = Automatic;
				CURRENT_PROJECT_VERSION = 1;
				DEVELOPMENT_ASSET_PATHS = "\"A-Buddy/Preview Content\"";
				DEVELOPMENT_TEAM = C5V5PAM88P;
				ENABLE_PREVIEWS = YES;
				GENERATE_INFOPLIST_FILE = YES;
				INFOPLIST_KEY_UIApplicationSceneManifest_Generation = YES;
				INFOPLIST_KEY_UIApplicationSupportsIndirectInputEvents = YES;
				INFOPLIST_KEY_UILaunchScreen_Generation = YES;
				INFOPLIST_KEY_UISupportedInterfaceOrientations_iPad = "UIInterfaceOrientationPortrait UIInterfaceOrientationPortraitUpsideDown UIInterfaceOrientationLandscapeLeft UIInterfaceOrientationLandscapeRight";
				INFOPLIST_KEY_UISupportedInterfaceOrientations_iPhone = "UIInterfaceOrientationPortrait UIInterfaceOrientationLandscapeLeft UIInterfaceOrientationLandscapeRight";
				LD_RUNPATH_SEARCH_PATHS = (
					"$(inherited)",
					"@executable_path/Frameworks",
				);
				MARKETING_VERSION = 1.0;
				PRODUCT_BUNDLE_IDENTIFIER = "Fay-Fay.A-Buddy";
				PRODUCT_NAME = "$(TARGET_NAME)";
				SWIFT_EMIT_LOC_STRINGS = YES;
				SWIFT_VERSION = 5.0;
				TARGETED_DEVICE_FAMILY = "1,2";
			};
			name = Debug;
		};
		490F33DD29C83FC000B99CDA /* Release */ = {
			isa = XCBuildConfiguration;
			buildSettings = {
				ASSETCATALOG_COMPILER_APPICON_NAME = AppIcon;
				ASSETCATALOG_COMPILER_GLOBAL_ACCENT_COLOR_NAME = AccentColor;
				CODE_SIGN_STYLE = Automatic;
				CURRENT_PROJECT_VERSION = 1;
				DEVELOPMENT_ASSET_PATHS = "\"A-Buddy/Preview Content\"";
				DEVELOPMENT_TEAM = C5V5PAM88P;
				ENABLE_PREVIEWS = YES;
				GENERATE_INFOPLIST_FILE = YES;
				INFOPLIST_KEY_UIApplicationSceneManifest_Generation = YES;
				INFOPLIST_KEY_UIApplicationSupportsIndirectInputEvents = YES;
				INFOPLIST_KEY_UILaunchScreen_Generation = YES;
				INFOPLIST_KEY_UISupportedInterfaceOrientations_iPad = "UIInterfaceOrientationPortrait UIInterfaceOrientationPortraitUpsideDown UIInterfaceOrientationLandscapeLeft UIInterfaceOrientationLandscapeRight";
				INFOPLIST_KEY_UISupportedInterfaceOrientations_iPhone = "UIInterfaceOrientationPortrait UIInterfaceOrientationLandscapeLeft UIInterfaceOrientationLandscapeRight";
				LD_RUNPATH_SEARCH_PATHS = (
					"$(inherited)",
					"@executable_path/Frameworks",
				);
				MARKETING_VERSION = 1.0;
				PRODUCT_BUNDLE_IDENTIFIER = "Fay-Fay.A-Buddy";
				PRODUCT_NAME = "$(TARGET_NAME)";
				SWIFT_EMIT_LOC_STRINGS = YES;
				SWIFT_VERSION = 5.0;
				TARGETED_DEVICE_FAMILY = "1,2";
			};
			name = Release;
		};
/* End XCBuildConfiguration section */

/* Begin XCConfigurationList section */
		490F33C329C83FBF00B99CDA /* Build configuration list for PBXProject "A-Buddy" */ = {
			isa = XCConfigurationList;
			buildConfigurations = (
				490F33D929C83FC000B99CDA /* Debug */,
				490F33DA29C83FC000B99CDA /* Release */,
			);
			defaultConfigurationIsVisible = 0;
			defaultConfigurationName = Release;
		};
		490F33DB29C83FC000B99CDA /* Build configuration list for PBXNativeTarget "A-Buddy" */ = {
			isa = XCConfigurationList;
			buildConfigurations = (
				490F33DC29C83FC000B99CDA /* Debug */,
				490F33DD29C83FC000B99CDA /* Release */,
			);
			defaultConfigurationIsVisible = 0;
			defaultConfigurationName = Release;
		};
/* End XCConfigurationList section */

/* Begin XCVersionGroup section */
		490F33D629C83FC000B99CDA /* A_Buddy.xcdatamodeld */ = {
			isa = XCVersionGroup;
			children = (
				490F33D729C83FC000B99CDA /* A_Buddy.xcdatamodel */,
			);
			currentVersion = 490F33D729C83FC000B99CDA /* A_Buddy.xcdatamodel */;
			path = A_Buddy.xcdatamodeld;
			sourceTree = "<group>";
			versionGroupType = wrapper.xcdatamodel;
		};
/* End XCVersionGroup section */
	};
	rootObject = 490F33C029C83FBF00B99CDA /* Project object */;
}
